
Microsoft Visual Studio Solution File, Format Version 12.00
# Visual Studio Version 17
VisualStudioVersion = 17.4.33110.190
MinimumVisualStudioVersion = 10.0.40219.1
Project("{FAE04EC0-301F-11D3-BF4B-00C04F79EFBC}") = "WebApi", "WebApi\WebApi.csproj", "{DC8CC75F-8512-41AB-A6A6-4AB640140841}"
EndProject
Global
	GlobalSection(SolutionConfigurationPlatforms) = preSolution
		Debug|Any CPU = Debug|Any CPU
		Release|Any CPU = Release|Any CPU
	EndGlobalSection
	GlobalSection(ProjectConfigurationPlatforms) = postSolution
		{DC8CC75F-8512-41AB-A6A6-4AB640140841}.Debug|Any CPU.ActiveCfg = Debug|Any CPU
		{DC8CC75F-8512-41AB-A6A6-4AB640140841}.Debug|Any CPU.Build.0 = Debug|Any CPU
		{DC8CC75F-8512-41AB-A6A6-4AB640140841}.Release|Any CPU.ActiveCfg = Release|Any CPU
		{DC8CC75F-8512-41AB-A6A6-4AB640140841}.Release|Any CPU.Build.0 = Release|Any CPU
	EndGlobalSection
	GlobalSection(SolutionProperties) = preSolution
		HideSolutionNode = FALSE
	EndGlobalSection
	GlobalSection(ExtensibilityGlobals) = postSolution
		SolutionGuid = {90C60ADB-4213-4D40-A74B-C5166D0B7C2B}
	EndGlobalSection
EndGlobal
